cloud.google.com/go v0.26.0/go.mod h1:aQUYkXzVsufM+DwF1aE+0xfcU+56JwCaLick0ClmMTw=
github.com/NYTimes/gziphandler v1.0.1 h1:iLrQrdwjDd52kHDA5op2UBJFjmOb9g+7scBan4RN8F0=
github.com/NYTimes/gziphandler v1.0.1/go.mod h1:3wb06e3pkSAbeQ52E9H9iFoQsEEwGN64994WTCIhntQ=
github.com/OneOfOne/xxhash v1.2.2/go.mod h1:HSdplMjZKSmBqAxg5vPj2TmRDmfkzw+cTzAElWljhcU=
github.com/RoaringBitmap/roaring v0.4.16 h1:NholfewybRLOwACgfqfzn/N5xa6keKNs4fP00t0cwLo=
github.com/RoaringBitmap/roaring v0.4.16/go.mod h1:8khRDP4HmeXns4xIj9oGrKSz7XTQiJx2zgh7AcNke4w=
github.com/Shopify/sarama v1.18.0 h1:Ha2FAOngREft7C44ouUXDxSZ/Y/77IDCMV1YS4AnUkI=
github.com/Shopify/sarama v1.18.0/go.mod h1:FVkBWblsNy7DGZRfXLU0O9RCGt5g3g3yEuWXgklEdEo=
github.com/andreyvit/diff v0.0.0-20170406064948-c7f18ee00883 h1:bvNMNQO63//z+xNgfBlViaCIJKLlCJ6/fmUseuG0wVQ=
github.com/andreyvit/diff v0.0.0-20170406064948-c7f18ee00883/go.mod h1:rCTlJbsFo29Kk6CurOXKm700vrz8f0KW0JNfpkRJY/8=
github.com/apache/thrift v0.0.0-20180902110319-2566ecd5d999 h1:FLhNHUJvAhlTHUyOU9ikJbilbuikErpvjr9KVJ8UfsA=
github.com/apache/thrift v0.0.0-20180902110319-2566ecd5d999/go.mod h1:cp2SuWMxlEZw2r+iP2GNCdIi4C1qmUzdZFSVb+bacwQ=
github.com/armon/go-metrics v0.0.0-20180713145231-3c58d8115a78 h1:mdRSArcFLfW0VoL34LZAKSz6LkkK4jFxVx2xYavACMg=
github.com/armon/go-metrics v0.0.0-20180713145231-3c58d8115a78/go.mod h1:Q73ZrmVTwzkszR9V5SSuryQ31EELlFMUz1kKyl939pY=
github.com/aws/aws-sdk-go v1.15.33 h1:Xch3KIkPonPmCiA/BlaRm+RljrWr3M5Jb4EeUpdgmTU=
github.com/aws/aws-sdk-go v1.15.33/go.mod h1:mFuSZ37Z9YOHbQEwBWztmVzqXrEkub65tZoCYDt7FT0=
github.com/beorn7/perks v0.0.0-20180321164747-3a771d992973 h1:xJ4a3vCFaGF/jqvzLMYoU8P317H5OQ+Via4RmuPwCS0=
github.com/beorn7/perks v0.0.0-20180321164747-3a771d992973/go.mod h1:Dwedo/Wpr24TaqPxmxbtue+5NUziq4I4S80YR8gNf3Q=
github.com/boltdb/bolt v1.3.1 h1:JQmyP4ZBrce+ZQu0dY660FMfatumYDLun9hBCUVIkF4=
github.com/boltdb/bolt v1.3.1/go.mod h1:clJnj/oiGkjum5o1McbSZDSLxVThjynRyGBgiAx27Ps=
github.com/bouk/httprouter v0.0.0-20160817010721-ee8b3818a7f5 h1:kS0dw4K730x7cxT+bVyTyYJZHuSoH7ofSr/Ijit56Qw=
github.com/bouk/httprouter v0.0.0-20160817010721-ee8b3818a7f5/go.mod h1:CDReaxg1cmLrtcasZy43l4EYPAknXLiQSrb7tLw5zXM=
github.com/c-bata/go-prompt v0.2.2 h1:uyKRz6Z6DUyj49QVijyM339UJV9yhbr70gESwbNU3e0=
github.com/c-bata/go-prompt v0.2.2/go.mod h1:VzqtzE2ksDBcdln8G7mk2RX9QyGjH+OVqOCSiVIqS34=
github.com/cespare/xxhash v1.1.0 h1:a6HrQnmkObjyL+Gs60czilIUGqrzKutQD6XZog3p+ko=
github.com/cespare/xxhash v1.1.0/go.mod h1:XrSqR1VqqWfGrhpAt58auRo0WTKS1nRRg3ghfAqPWnc=
github.com/client9/misspell v0.3.4/go.mod h1:qj6jICC3Q7zFZvVWo7KLAzC3yx5G7kyvSDkc90ppPyw=
github.com/codahale/hrw v0.0.0-20140702143812-d4f22a6ff3fc h1:ItikUNK+mfvstQUBc0kVKA41rqSmCNK2xVntAQgxKuo=
github.com/codahale/hrw v0.0.0-20140702143812-d4f22a6ff3fc/go.mod h1:Yt33RS6d6QFrXabhxeBIlfan1/Dsr+lankNgJ/lyOk8=
github.com/coreos/bbolt v1.3.0 h1:HIgH5xUWXT914HCI671AxuTTqjj64UOFr7pHn48LUTI=
github.com/coreos/bbolt v1.3.0/go.mod h1:iRUV2dpdMOn7Bo10OQBFzIJO9kkE559Wcmn+qkEiiKk=
github.com/coreos/etcd v3.3.9+incompatible h1:/pWnp1yEff0z+vBEOBFLZZ22Ux5xoVozEe7X0VFyRNo=
github.com/coreos/etcd v3.3.9+incompatible/go.mod h1:uF7uidLiAD3TWHmW31ZFd/JWoc32PjwdhPthX9715RE=
github.com/davecgh/go-spew v1.1.0/go.mod h1:J7Y8YcW2NihsgmVo/mv3lAwl/skON4iLHjSsI+c5H38=
github.com/davecgh/go-spew v1.1.1 h1:vj9j/u1bqnvCEfJOwUhtlOARqs3+rkHYY13jYWTU97c=
github.com/davecgh/go-spew v1.1.1/go.mod h1:J7Y8YcW2NihsgmVo/mv3lAwl/skON4iLHjSsI+c5H38=
github.com/dgrijalva/jwt-go v3.2.0+incompatible h1:7qlOGliEKZXTDg6OTjfoBKDXWrumCAMpl/TFQ4/5kLM=
github.com/dgrijalva/jwt-go v3.2.0+incompatible/go.mod h1:E3ru+11k8xSBh+hMPgOLZmtrrCbhqsmaPHjLKYnJCaQ=
github.com/dgryski/go-bitstream v0.0.0-20180413035011-3522498ce2c8 h1:akOQj8IVgoeFfBTzGOEQakCYshWD6RNo1M5pivFXt70=
github.com/dgryski/go-bitstream v0.0.0-20180413035011-3522498ce2c8/go.mod h1:VMaSuZ+SZcx/wljOQKvp5srsbCiKDEb6K2wC4+PiBmQ=
github.com/eapache/go-resiliency v1.1.0 h1:1NtRmCAqadE2FN4ZcN6g90TP3uk8cg9rn9eNK2197aU=
github.com/eapache/go-resiliency v1.1.0/go.mod h1:kFI+JgMyC7bLPUVY133qvEBtVayf5mFgVsvEsIPBvNs=
github.com/eapache/go-xerial-snappy v0.0.0-20180814174437-776d5712da21 h1:YEetp8/yCZMuEPMUDHG0CW/brkkEp8mzqk2+ODEitlw=
github.com/eapache/go-xerial-snappy v0.0.0-20180814174437-776d5712da21/go.mod h1:+020luEh2TKB4/GOp8oxxtq0Daoen/Cii55CzbTV6DU=
github.com/eapache/queue v1.1.0 h1:YOEu7KNc61ntiQlcEeUIoDTJ2o8mQznoNvUhiigpIqc=
github.com/eapache/queue v1.1.0/go.mod h1:6eCeP0CKFpHLu8blIFXhExK/dRa7WDZfr6jVFPTqq+I=
github.com/elazarl/go-bindata-assetfs v1.0.0 h1:G/bYguwHIzWq9ZoyUQqrjTmJbbYn3j3CKKpKinvZLFk=
github.com/elazarl/go-bindata-assetfs v1.0.0/go.mod h1:v+YaWX3bdea5J/mo8dSETolEo7R71Vk1u8bnjau5yw4=
github.com/fsnotify/fsnotify v1.4.7 h1:IXs+QLmnXW2CcXuY+8Mzv/fWEsPGWxqefPtCP5CnV9I=
github.com/fsnotify/fsnotify v1.4.7/go.mod h1:jwhsz4b93w/PPRr/qN1Yymfu8t87LnFCMoQvtojpjFo=
github.com/ghodss/yaml v1.0.0 h1:wQHKEahhL6wmXdzwWG11gIVCkOv05bNOh+Rxn0yngAk=
github.com/ghodss/yaml v1.0.0/go.mod h1:4dBDuWmgqj2HViK6kFavaiC9ZROes6MMH2rRYeMEF04=
github.com/glycerine/go-unsnap-stream v0.0.0-20180323001048-9f0cb55181dd h1:r04MMPyLHj/QwZuMJ5+7tJcBr1AQjpiAK/rZWRrQT7o=
github.com/glycerine/go-unsnap-stream v0.0.0-20180323001048-9f0cb55181dd/go.mod h1:/20jfyN9Y5QPEAprSgKAUr+glWDY39ZiUEAYOEv5dsE=
github.com/go-ini/ini v1.25.4 h1:Mujh4R/dH6YL8bxuISne3xX2+qcQ9p0IxKAP6ExWoUo=
github.com/go-ini/ini v1.25.4/go.mod h1:ByCAeIL28uOIIG0E3PJtZPDL8WnHpFKFOtgjp+3Ies8=
github.com/go-logfmt/logfmt v0.3.0 h1:8HUsc87TaSWLKwrnumgC8/YconD2fJQsRJAsWaPg2ic=
github.com/go-logfmt/logfmt v0.3.0/go.mod h1:Qt1PoO58o5twSAckw1HlFXLmHsOX5/0LbT9GBnD5lWE=
github.com/gogo/protobuf v1.1.1 h1:72R+M5VuhED/KujmZVcIquuo8mBgX4oVda//DQb3PXo=
github.com/gogo/protobuf v1.1.1/go.mod h1:r8qH/GZQm5c6nD/R0oafs1akxWv10x8SbQlK7atdtwQ=
github.com/golang/glog v0.0.0-20160126235308-23def4e6c14b h1:VKtxabqXZkF25pY9ekfRL6a582T4P37/31XEstQ5p58=
github.com/golang/glog v0.0.0-20160126235308-23def4e6c14b/go.mod h1:SBH7ygxi8pfUlaOkMMuAQtPIUF8ecWP5IEl/CR7VP2Q=
github.com/golang/lint v0.0.0-20180702182130-06c8688daad7/go.mod h1:tluoj9z5200jBnyusfRPU2LqT6J+DAorxEvtC7LHB+E=
github.com/golang/mock v1.1.1/go.mod h1:oTYuIxOrZwtPieC+H1uAHpcLFnEyAGVDL/k47Jfbm0A=
github.com/golang/protobuf v1.2.0 h1:P3YflyNX/ehuJFLhxviNdFxQPkGK5cDcApsge1SqnvM=
github.com/golang/protobuf v1.2.0/go.mod h1:6lQm79b+lXiMfvg/cZm0SGofjICqVBUtrP5yJMmIC1U=
github.com/golang/snappy v0.0.0-20180518054509-2e65f85255db h1:woRePGFeVFfLKN/pOkfl+p/TAqKOfFu+7KPlMVpok/w=
github.com/golang/snappy v0.0.0-20180518054509-2e65f85255db/go.mod h1:/XxbfmMg8lxefKM7IXC3fBNl/7bRcc72aCRzEWrmP2Q=
github.com/gonum/blas v0.0.0-20180125090452-e7c5890b24cf h1:ukIp7SJ4RNEkyqdn8EZDzUTOsqWUbHnwPGU3d8pc7ok=
github.com/gonum/blas v0.0.0-20180125090452-e7c5890b24cf/go.mod h1:P32wAyui1PQ58Oce/KYkOqQv8cVw1zAapXOl+dRFGbc=
github.com/gonum/diff v0.0.0-20180125090814-f0137a19aa16 h1:W+m3s4RfTnJqXW1lmuPTG8hhB/MDzmkYuUpU0tLCQAM=
github.com/gonum/diff v0.0.0-20180125090814-f0137a19aa16/go.mod h1:22dM4PLscQl+Nzf64qNBurVJvfyvZELT0iRW2l/NN70=
github.com/gonum/floats v0.0.0-20180125090339-7de1f4ea7ab5 h1:YEwYZI2QOW/49JC7hb5X5irk1J4BJc6Q37OnahdSuek=
github.com/gonum/floats v0.0.0-20180125090339-7de1f4ea7ab5/go.mod h1:PxC8OnwL11+aosOB5+iEPoV3picfs8tUpkVd0pDo+Kg=
github.com/gonum/integrate v0.0.0-20180125090255-09c2f478329f h1:z7F5ExBRmE375gIulqCx1CwAx9SRLRmDpqiizqRw3vs=
github.com/gonum/integrate v0.0.0-20180125090255-09c2f478329f/go.mod h1:pDgmNM6seYpwvPos3q+zxlXMsbve6mOIPucUnUOrI7Y=
github.com/gonum/internal v0.0.0-20180125090855-fda53f8d2571 h1:7ARdo5TcdMorNtejbaqYDEcsqOdPf3iAoUIeoMhvu7E=
github.com/gonum/internal v0.0.0-20180125090855-fda53f8d2571/go.mod h1:Pu4dmpkhSyOzRwuXkOgAvijx4o+4YMUJJo9OvPYMkks=
github.com/gonum/lapack v0.0.0-20180125091020-f0b8b25edece h1:dXIQoswVYAQd8m2jqYdxKn2lCkLlcZfSyu66k6akgis=
github.com/gonum/lapack v0.0.0-20180125091020-f0b8b25edece/go.mod h1:XA3DeT6rxh2EAE789SSiSJNqxPaC0aE9J8NTOI0Jo/A=
github.com/gonum/mathext v0.0.0-20180126232648-3ffefb3e36fc h1:1SNv0SjYNLALMvX6kOidzX0lXkx8li3u9nHq7CYgFCI=
github.com/gonum/mathext v0.0.0-20180126232648-3ffefb3e36fc/go.mod h1:fmo8aiSEWkJeiGXUJf+sPvuDgEFgqIoZSs843ePKrGg=
github.com/gonum/matrix v0.0.0-20180124231301-a41cc49d4c29 h1:Aj+poYy0aVF2abLrHVN2aAxynAGg2AO8VtIJKSnmxMA=
github.com/gonum/matrix v0.0.0-20180124231301-a41cc49d4c29/go.mod h1:0EXg4mc1CNP0HCqCz+K4ts155PXIlUywf0wqN+GfPZw=
github.com/gonum/stat v0.0.0-20180125090729-ec9c8a1062f4 h1:ljlDrxv0Wij8s9+WEYGswFmz/SEg75X832pYRsYA56Y=
github.com/gonum/stat v0.0.0-20180125090729-ec9c8a1062f4/go.mod h1:Z4GIJBJO3Wa4gD4vbwQxXXZ+WHmW6E9ixmNrwvs0iZs=
github.com/google/btree v0.0.0-20180813153112-4030bb1f1f0c h1:964Od4U6p2jUkFxvCydnIczKteheJEzHRToSGK3Bnlw=
github.com/google/btree v0.0.0-20180813153112-4030bb1f1f0c/go.mod h1:lNA+9X1NB3Zf8V7Ke586lFgjr2dZNuvo3lPJSGZ5JPQ=
github.com/google/go-cmp v0.2.0 h1:+dTQ8DZQJz0Mb/HjFlkptS1FeQ4cWSnN941F8aEG4SQ=
github.com/google/go-cmp v0.2.0/go.mod h1:oXzfMopK8JAjlY9xF4vHSVASa0yLyX7SntLO5aqRK0M=
github.com/google/go-github v17.0.0+incompatible h1:N0LgJ1j65A7kfXrZnUDaYCs/Sf4rEjNlfyDHW9dolSY=
github.com/google/go-github v17.0.0+incompatible/go.mod h1:zLgOLi98H3fifZn+44m+umXrS52loVEgC2AApnigrVQ=
github.com/google/go-querystring v0.0.0-20170111101155-53e6ce116135 h1:zLTLjkaOFEFIOxY5BWLFLwh+cL8vOBW4XJ2aqLE/Tf0=
github.com/google/go-querystring v0.0.0-20170111101155-53e6ce116135/go.mod h1:odCYkC5MyYFN7vkCjXpyrEuKhc/BUO6wN/zVPAxq5ck=
github.com/google/gofuzz v0.0.0-20170612174753-24818f796faf h1:+RRA9JqSOZFfKrOeqr2z77+8R2RKyh8PG66dcu1V0ck=
github.com/google/gofuzz v0.0.0-20170612174753-24818f796faf/go.mod h1:HP5RmnzzSNb993RKQDq4+1A4ia9nllfqcQFTQJedwGI=
github.com/googleapis/gnostic v0.2.0 h1:l6N3VoaVzTncYYW+9yOz2LJJammFZGBO13sqgEhpy9g=
github.com/googleapis/gnostic v0.2.0/go.mod h1:sJBsCZ4ayReDTBIg8b9dl28c5xFWyhBTVRp3pOg5EKY=
github.com/gregjones/httpcache v0.0.0-20180305231024-9cad4c3443a7 h1:pdN6V1QBWetyv/0+wjACpqVH+eVULgEjkurDLq3goeM=
github.com/gregjones/httpcache v0.0.0-20180305231024-9cad4c3443a7/go.mod h1:FecbI9+v66THATjSRHfNgh1IVFe/9kFxbXtjV0ctIMA=
github.com/grpc-ecosystem/go-grpc-prometheus v1.2.0 h1:Ovs26xHkKqVztRpIrF/92BcuyuQ/YW4NSIpoGtfXNho=
github.com/grpc-ecosystem/go-grpc-prometheus v1.2.0/go.mod h1:8NvIoxWQoOIhqOTXgfV/d3M/q6VIi02HzZEHgUlZvzk=
github.com/grpc-ecosystem/grpc-opentracing v0.0.0-20180507213350-8e809c8a8645 h1:MJG/KsmcqMwFAkh8mTnAwhyKoB+sTAnY4CACC110tbU=
github.com/grpc-ecosystem/grpc-opentracing v0.0.0-20180507213350-8e809c8a8645/go.mod h1:6iZfnjpejD4L/4DwD7NryNaJyCQdzwWwH2MWhCA90Kw=
github.com/hashicorp/go-immutable-radix v1.0.0 h1:AKDB1HM5PWEA7i4nhcpwOrO2byshxBjXVn/J/3+z5/0=
github.com/hashicorp/go-immutable-radix v1.0.0/go.mod h1:0y9vanUI8NX6FsYoO3zeMjhV/C5i9g4Q3DwcSNZ4P60=
github.com/hashicorp/go-msgpack v0.0.0-20150518234257-fa3f63826f7c h1:BTAbnbegUIMB6xmQCwWE8yRzbA4XSpnZY5hvRJC188I=
github.com/hashicorp/go-msgpack v0.0.0-20150518234257-fa3f63826f7c/go.mod h1:ahLV/dePpqEmjfWmKiqvPkv/twdG7iPBM1vqhUKIvfM=
github.com/hashicorp/go-uuid v1.0.0/go.mod h1:6SBZvOh/SIDV7/2o3Jml5SYk/TvGqwFJ/bN7x4byOro=
github.com/hashicorp/golang-lru v0.5.0 h1:CL2msUPvZTLb5O648aiLNJw3hnBxN2+1Jq8rCOH9wdo=
github.com/hashicorp/golang-lru v0.5.0/go.mod h1:/m3WP610KZHVQ1SGc6re/UDhFvYD7pJ4Ao+sR/qLZy8=
github.com/hashicorp/hcl v1.0.0 h1:0Anlzjpi4vEasTeNFn2mLJgTSwt0+6sfsiTG8qcWGx4=
github.com/hashicorp/hcl v1.0.0/go.mod h1:E5yfLk+7swimpb2L/Alb/PJmXilQ/rhwaUYs4T20WEQ=
github.com/hashicorp/raft v1.0.0 h1:htBVktAOtGs4Le5Z7K8SF5H2+oWsQFYVmOgH5loro7Y=
github.com/hashicorp/raft v1.0.0/go.mod h1:DVSAWItjLjTOkVbSpWQ0j0kUADIvDaCtBxIcbNAQLkI=
github.com/influxdata/gobreaker v0.0.0-20180523174524-eeace644aa0e h1:zGyOggr8ljOkuUg1uYRuEGLHHFtB3mU3afGvdCJqLPc=
github.com/influxdata/gobreaker v0.0.0-20180523174524-eeace644aa0e/go.mod h1:LSm3xXXz2kAkFUGfk4eDtFYu06HDIi7Q3xWEkTFc/fY=
github.com/influxdata/idpe v0.0.0-20180911213036-9af06c765f1b h1:lxR1MMcpWFpdV1qBEvKGEoWVUTHp5rrjFM4j+Qu442w=
github.com/influxdata/idpe v0.0.0-20180911213036-9af06c765f1b/go.mod h1:9Nrz42q+gdoXz8A5u8xdleIgVeWtsfJJ+VJmE5f7dk8=
github.com/influxdata/inch v0.0.0-20180710214615-df945ff74609 h1:UOUbCE8RoE1t82Ju7tK3e18CzOUNLWhbIQRgcOL/zjY=
github.com/influxdata/inch v0.0.0-20180710214615-df945ff74609/go.mod h1:ZU18/cvxU0VgkTvluTnZCXu3/gBijfA1Vizd7l0kmdU=
github.com/influxdata/influxdb v1.6.2 h1:Cvl0/3n7/T6RkCefitJtEHWKJznmOA+9tT8gVx3vVS0=
github.com/influxdata/influxdb v1.6.2/go.mod h1:qZna6X/4elxqT3yI9iZYdZrWWdeFOOprn86kgg4+IzY=
github.com/influxdata/influxql v0.0.0-20180823200743-a7267bff5327 h1:2BI2JbxV11hx8W8gtFleWN7nLmU0WBpuj298yaDVYws=
github.com/influxdata/influxql v0.0.0-20180823200743-a7267bff5327/go.mod h1:KpVI7okXjK6PRi3Z5B+mtKZli+R1DnZgb3N+tzevNgo=
github.com/influxdata/line-protocol v0.0.0-20180522152040-32c6aa80de5e h1:/o3vQtpWJhvnIbXley4/jwzzqNeigJK9z+LZcJZ9zfM=
github.com/influxdata/line-protocol v0.0.0-20180522152040-32c6aa80de5e/go.mod h1:4kt73NQhadE3daL3WhR5EJ/J2ocX0PZzwxQ0gXJ7oFE=
github.com/influxdata/platform v0.0.0-20180905213845-bbcbaee9fd79 h1:0kPsUxHdjBZaq9940tS/E5jcG/F6QAyBXqC7rf6tQcg=
github.com/influxdata/platform v0.0.0-20180905213845-bbcbaee9fd79/go.mod h1:o8AOzOaMzxS6kSO2oCsbj61/kxrwECx+kFNgE8fqFug=
github.com/influxdata/platform v0.0.0-20180911182637-ee5cd72eae03 h1:hXts91n8Z4qBySl+1ZwQaOpaCQ6cvkm3Sb20Xv4mXRo=
github.com/influxdata/platform v0.0.0-20180911225651-06d3e46d1c1d h1:6kzvUMcN5rSxGWp3eziwWmJlqD7fwVKJNkZHu3xDUfs=
github.com/influxdata/platform v0.0.0-20180911225651-06d3e46d1c1d/go.mod h1:o8AOzOaMzxS6kSO2oCsbj61/kxrwECx+kFNgE8fqFug=
github.com/influxdata/platform v0.0.0-20180911230632-ab75b285da8b h1:zM7yiqSHATe39xD6UiGrdQrqneWGXyQXhfu1RM9dACo=
github.com/influxdata/platform v0.0.0-20180911230632-ab75b285da8b/go.mod h1:o8AOzOaMzxS6kSO2oCsbj61/kxrwECx+kFNgE8fqFug=
github.com/influxdata/platform v0.0.0-20180911230725-7c3bb66a91f5 h1:HkPgzA4nVAPsj7b28YH1krlCrblgD0S13ir5+M+FTzc=
github.com/influxdata/platform v0.0.0-20180911230725-7c3bb66a91f5/go.mod h1:o8AOzOaMzxS6kSO2oCsbj61/kxrwECx+kFNgE8fqFug=
github.com/influxdata/platform v0.0.0-20180911231539-562753cc5396 h1:gxaqdSjGj1PfnFsqZ5Zr4L4caH48GEoF05+H1Nb6skI=
github.com/influxdata/platform v0.0.0-20180911231539-562753cc5396/go.mod h1:o8AOzOaMzxS6kSO2oCsbj61/kxrwECx+kFNgE8fqFug=
github.com/influxdata/platform v0.0.0-20180911231805-c9d6a4292a20 h1:voQD9NoZXFwe4IN9DWUFPdKipl9uKqb40MVvkLWwW4w=
github.com/influxdata/platform v0.0.0-20180911231805-c9d6a4292a20/go.mod h1:o8AOzOaMzxS6kSO2oCsbj61/kxrwECx+kFNgE8fqFug=
github.com/influxdata/platform v0.0.0-20180911232327-b661e656df69 h1:7dpp6sFJn5SkrEUBpRPsnE9C831iRcvs5dcXnr81KYM=
github.com/influxdata/platform v0.0.0-20180911232327-b661e656df69/go.mod h1:o8AOzOaMzxS6kSO2oCsbj61/kxrwECx+kFNgE8fqFug=
github.com/influxdata/platform v0.0.0-20180911232614-de9ab156a890 h1:1mr5d3+FxCx1olze3eqDQVeOx3SYyduLB0JrYhT8i8I=
github.com/influxdata/platform v0.0.0-20180911232614-de9ab156a890/go.mod h1:o8AOzOaMzxS6kSO2oCsbj61/kxrwECx+kFNgE8fqFug=
github.com/influxdata/tdigest v0.0.0-20180711151920-a7d76c6f093a h1:vMqgISSVkIqWxCIZs8m1L4096temR7IbYyNdMiBxSPA=
github.com/influxdata/tdigest v0.0.0-20180711151920-a7d76c6f093a/go.mod h1:9GkyshztGufsdPQWjH+ifgnIr3xNUL5syI70g2dzU1o=
github.com/influxdata/usage-client v0.0.0-20160829180054-6d3895376368 h1:+TUUmaFa4YD1Q+7bH9o5NCHQGPMqZCYJiNW6lIIS9z4=
github.com/influxdata/usage-client v0.0.0-20160829180054-6d3895376368/go.mod h1:Wbbw6tYNvwa5dlB6304Sd+82Z3f7PmVZHVKU637d4po=
github.com/influxdata/yamux v0.0.0-20171107173414-1f58ded512de h1:GqhjCUCDobXxeZrFNdaLTKpyTm25qM9Z8y7ihBTeuJA=
github.com/influxdata/yamux v0.0.0-20171107173414-1f58ded512de/go.mod h1:9fPSNWQM1MYwdjNIBSTzkIHxr/yJvac86kKtvsDs+2Y=
github.com/influxdata/yarpc v0.0.1 h1:qvQgl5KSfG0Jv2fUaZKjeLJnjsaoqMNtFP5i0zafsCE=
github.com/influxdata/yarpc v0.0.1/go.mod h1:y3O0SndVHp7xavEbUpKN/WUj5Ajr+wEWXBRvR7sS3Cw=
github.com/jessevdk/go-flags v1.4.0 h1:4IU2WS7AumrZ/40jfhf4QVDMsQwqA7VEHozFRrGARJA=
github.com/jessevdk/go-flags v1.4.0/go.mod h1:4FA24M0QyGHXBuZZK/XkWh8h0e1EYbRYJSGM75WSRxI=
github.com/jmespath/go-jmespath v0.0.0-20160202185014-0b12d6b521d8 h1:12VvqtR6Aowv3l/EQUlocDHW2Cp4G9WJVH7uyH8QFJE=
github.com/jmespath/go-jmespath v0.0.0-20160202185014-0b12d6b521d8/go.mod h1:Nht3zPeWKUH0NzdCt2Blrr5ys8VGpn0CEB0cQHVjt7k=
github.com/json-iterator/go v1.1.5 h1:gL2yXlmiIo4+t+y32d4WGwOjKGYcGOuyrg46vadswDE=
github.com/json-iterator/go v1.1.5/go.mod h1:+SdeFBvtyEkXs7REEP0seUULqWtbJapLOCVDaaPEHmU=
github.com/jsternberg/zap-logfmt v1.2.0 h1:1v+PK4/B48cy8cfQbxL4FmmNZrjnIMr2BsnyEmXqv2o=
github.com/jsternberg/zap-logfmt v1.2.0/go.mod h1:kz+1CUmCutPWABnNkOu9hOHKdT2q3TDYCcsFy9hpqb0=
github.com/julienschmidt/httprouter v0.0.0-20180715161854-348b672cd90d h1:of6+TpypLAaiv4JxgH5aplBZnt0b65B4v4c8q5oy+Sk=
github.com/julienschmidt/httprouter v0.0.0-20180715161854-348b672cd90d/go.mod h1:SYymIcj16QtmaHHD7aYtjjsJG7VTCxuUUipMqKk8s4w=
github.com/jwilder/encoding v0.0.0-20170811194829-b4e1701a28ef h1:2jNeR4YUziVtswNP9sEFAI913cVrzH85T+8Q6LpYbT0=
github.com/jwilder/encoding v0.0.0-20170811194829-b4e1701a28ef/go.mod h1:Ct9fl0F6iIOGgxJ5npU/IUOhOhqlVrGjyIZc8/MagT0=
github.com/kisielk/gotool v1.0.0/go.mod h1:XhKaO+MFFWcvkIS/tQcRk01m1F5IRFswLeQ+oQHNcck=
github.com/kr/pretty v0.1.0 h1:L/CwN0zerZDmRFUapSPitk6f+Q3+0za1rQkzVuMiMFI=
github.com/kr/pretty v0.1.0/go.mod h1:dAy3ld7l9f0ibDNOQOHHMYYIIbhfbHSm3C4ZsoJORNo=
github.com/kr/pty v1.1.1/go.mod h1:pFQYn66WHrOpPYNljwOMqo10TkYh1fy3cYio2l3bCsQ=
github.com/kr/text v0.1.0 h1:45sCR5RtlFHMR4UwH9sdQ5TC8v0qDQCHnXt+kaKSTVE=
github.com/kr/text v0.1.0/go.mod h1:4Jbv+DJW3UT/LiOwJeYQe1efqtUx/iVham/4vfdArNI=
github.com/magiconair/properties v1.8.0 h1:LLgXmsheXeRoUOBOjtwPQCWIYqM/LU1ayDtDePerRcY=
github.com/magiconair/properties v1.8.0/go.mod h1:PppfXfuXeibc/6YijjN8zIbojt8czPbwD3XqdrwzmxQ=
github.com/mattn/go-colorable v0.0.9 h1:UVL0vNpWh04HeJXV0KLcaT7r06gOH2l4OW6ddYRUIY4=
github.com/mattn/go-colorable v0.0.9/go.mod h1:9vuHe8Xs5qXnSaW/c/ABM9alt+Vo+STaOChaDxuIBZU=
github.com/mattn/go-isatty v0.0.4 h1:bnP0vzxcAdeI1zdubAl5PjU6zsERjGZb7raWodagDYs=
github.com/mattn/go-isatty v0.0.4/go.mod h1:M+lRXTBqGeGNdLjl/ufCoiOlB5xdOkqRJdNxMWT7Zi4=
github.com/mattn/go-runewidth v0.0.3 h1:a+kO+98RDGEfo6asOGMmpodZq4FNtnGP54yps8BzLR4=
github.com/mattn/go-runewidth v0.0.3/go.mod h1:LwmH8dsx7+W8Uxz3IHJYH5QSwggIsqBzpuz5H//U1FU=
github.com/mattn/go-tty v0.0.0-20180219170247-931426f7535a h1:8TGB3DFRNl06DB1Q6zBX+I7FDoCUZY2fmMS9WGUIIpw=
github.com/mattn/go-tty v0.0.0-20180219170247-931426f7535a/go.mod h1:XPvLUNfbS4fJH25nqRHfWLMa1ONC8Amw+mIA639KxkE=
github.com/matttproud/golang_protobuf_extensions v1.0.1 h1:4hp9jkHxhMHkqkrB3Ix0jegS5sx/RkqARlsWZ6pIwiU=
github.com/matttproud/golang_protobuf_extensions v1.0.1/go.mod h1:D8He9yQNgCq6Z5Ld7szi9bcBfOoFv/3dc6xSMkL2PC0=
github.com/mitchellh/mapstructure v1.0.0 h1:vVpGvMXJPqSDh2VYHF7gsfQj8Ncx+Xw5Y1KHeTRY+7I=
github.com/mitchellh/mapstructure v1.0.0/go.mod h1:FVVH3fgwuzCH5S8UJGiWEs2h04kUh9fWfEaFds41c1Y=
github.com/mna/pigeon v1.0.0 h1:n46IoStjdzjaXuyBH53j9HZ8CVqGWpC7P5/v8dP4qEY=
github.com/mna/pigeon v1.0.0/go.mod h1:Iym28+kJVnC1hfQvv5MUtI6AiFFzvQjHcvI4RFTG/04=
github.com/mna/pigeon v1.0.1-0.20180808201053-bb0192cfc2ae h1:mQO+oxi0kpii/TX+ltfTCFuYkOjEn53JhaOObiMuvnk=
github.com/mna/pigeon v1.0.1-0.20180808201053-bb0192cfc2ae/go.mod h1:Iym28+kJVnC1hfQvv5MUtI6AiFFzvQjHcvI4RFTG/04=
github.com/modern-go/concurrent v0.0.0-20180306012644-bacd9c7ef1dd h1:TRLaZ9cD/w8PVh93nsPXa1VrQ6jlwL5oN8l14QlcNfg=
github.com/modern-go/concurrent v0.0.0-20180306012644-bacd9c7ef1dd/go.mod h1:6dJC0mAP4ikYIbvyc7fijjWJddQyLn8Ig3JB5CqoB9Q=
github.com/modern-go/reflect2 v1.0.1 h1:9f412s+6RmYXLWZSEzVVgPGK7C2PphHj5RJrvfx9AWI=
github.com/modern-go/reflect2 v1.0.1/go.mod h1:bx2lNnkwVCuqBIxFjflWJWanXIb3RllmbCylyMrvgv0=
github.com/nats-io/gnatsd v1.3.0 h1:+5d80klu3QaJgNbdavVBjWJP7cHd11U2CLnRTFM9ICI=
github.com/nats-io/gnatsd v1.3.0/go.mod h1:nqco77VO78hLCJpIcVfygDP2rPGfsEHkGTUk94uh5DQ=
github.com/nats-io/go-nats v1.6.0 h1:FznPwMfrVwGnSCh7JTXyJDRW0TIkD4Tr+M1LPJt9T70=
github.com/nats-io/go-nats v1.6.0/go.mod h1:+t7RHT5ApZebkrQdnn6AhQJmhJJiKAvJUio1PiiCtj0=
github.com/nats-io/go-nats-streaming v0.4.0 h1:00wOBnTKzZGvQOFRSxj18kUm4X2TvXzv8LS0skZegPc=
github.com/nats-io/go-nats-streaming v0.4.0/go.mod h1:gfq4R3c9sKAINOpelo0gn/b9QDMBZnmrttcsNF+lqyo=
github.com/nats-io/nats-streaming-server v0.11.0 h1:6d32ASBeZJQOoams2GJuviQyf5GVF5R4StHVyEhSQK8=
github.com/nats-io/nats-streaming-server v0.11.0/go.mod h1:RyqtDJZvMZO66YmyjIYdIvS69zu/wDAkyNWa8PIUa5c=
github.com/nats-io/nuid v1.0.0 h1:44QGdhbiANq8ZCbUkdn6W5bqtg+mHuDE4wOUuxxndFs=
github.com/nats-io/nuid v1.0.0/go.mod h1:19wcPz3Ph3q0Jbyiqsd0kePYG7A95tJPxeL+1OSON2c=
github.com/opentracing-contrib/go-observer v0.0.0-20170622124052-a52f23424492 h1:lM6RxxfUMrYL/f8bWEUqdXrANWtrL7Nndbm9iFN0DlU=
github.com/opentracing-contrib/go-observer v0.0.0-20170622124052-a52f23424492/go.mod h1:Ngi6UdF0k5OKD5t5wlmGhe/EDKPoUM3BXZSSfIuJbis=
github.com/opentracing/opentracing-go v1.0.2 h1:3jA2P6O1F9UOrWVpwrIo17pu01KWvNWg4X946/Y5Zwg=
github.com/opentracing/opentracing-go v1.0.2/go.mod h1:UkNAQd3GIcIGf0SeVgPpRdFStlNbqXla1AfSYxPUl2o=
github.com/openzipkin/zipkin-go-opentracing v0.3.4 h1:x/pBv/5VJNWkcHF1G9xqhug8Iw7X1y1zOMzDmyuvP2g=
github.com/openzipkin/zipkin-go-opentracing v0.3.4/go.mod h1:js2AbwmHW0YD9DwIw2JhQWmbfFi/UnWyYwdVhqbCDOE=
github.com/pelletier/go-toml v1.2.0 h1:T5zMGML61Wp+FlcbWjRDT7yAxhJNAiPPLOFECq181zc=
github.com/pelletier/go-toml v1.2.0/go.mod h1:5z9KED0ma1S8pY6P1sdut58dfprrGBbd/94hg7ilaic=
github.com/peterbourgon/diskv v2.0.1+incompatible h1:UBdAOUP5p4RWqPBg048CAvpKN+vxiaj6gdUUzhl4XmI=
github.com/peterbourgon/diskv v2.0.1+incompatible/go.mod h1:uqqh8zWWbv1HBMNONnaR/tNboyR3/BZd58JJSHlUSCU=
github.com/philhofer/fwd v1.0.0 h1:UbZqGr5Y38ApvM/V/jEljVxwocdweyH+vmYvRPBnbqQ=
github.com/philhofer/fwd v1.0.0/go.mod h1:gk3iGcWd9+svBvR0sR+KPcfE+RNWozjowpeBVG3ZVNU=
github.com/pierrec/lz4 v2.0.5+incompatible h1:2xWsjqPFWcplujydGg4WmhC/6fZqK42wMM8aXeqhl0I=
github.com/pierrec/lz4 v2.0.5+incompatible/go.mod h1:pdkljMzZIN41W+lC3N2tnIh5sFi+IEE17M5jbnwPHcY=
github.com/pkg/errors v0.8.0 h1:WdK/asTD0HN+q6hsWO3/vpuAkAr+tw6aNJNDFFf0+qw=
github.com/pkg/errors v0.8.0/go.mod h1:bwawxfHBFNV+L2hUp1rHADufV3IMtnDRdf1r5NINEl0=
github.com/pkg/term v0.0.0-20180730021639-bffc007b7fd5 h1:tFwafIEMf0B7NlcxV/zJ6leBIa81D3hgGSgsE5hCkOQ=
github.com/pkg/term v0.0.0-20180730021639-bffc007b7fd5/go.mod h1:eCbImbZ95eXtAUIbLAuAVnBnwf83mjf6QIVH8SHYwqQ=
github.com/pmezard/go-difflib v1.0.0 h1:4DBwDE0NGyQoBHbLQYPwSUPoCMWR5BEzIk/f1lZbAQM=
github.com/pmezard/go-difflib v1.0.0/go.mod h1:iKH77koFhYxTK1pcRnkKkqfTogsbg7gZNVY4sRDYZ/4=
github.com/prometheus/client_golang v0.0.0-20171201122222-661e31bf844d h1:1y9b8XHRz8eCQ8grxQqS1Uz8x8V6AVmdIIrPf7qsFMs=
github.com/prometheus/client_golang v0.0.0-20171201122222-661e31bf844d/go.mod h1:7SWBe2y4D6OKWSNQJUaRYU/AaXPKyh/dDVn+NZz0KFw=
github.com/prometheus/client_model v0.0.0-20180712105110-5c3871d89910 h1:idejC8f05m9MGOsuEi1ATq9shN03HrxNkD/luQvxCv8=
github.com/prometheus/client_model v0.0.0-20180712105110-5c3871d89910/go.mod h1:MbSGuTsp3dbXC40dX6PRTWyKYBIrTGTE9sqQNg2J8bo=
github.com/prometheus/common v0.0.0-20180801064454-c7de2306084e h1:n/3MEhJQjQxrOUCzh1Y3Re6aJUUWRp2M9+Oc3eVn/54=
github.com/prometheus/common v0.0.0-20180801064454-c7de2306084e/go.mod h1:daVV7qP5qjZbuso7PdcryaAu0sAZbrN9i7WWcTMWvro=
github.com/prometheus/procfs v0.0.0-20180725123919-05ee40e3a273 h1:agujYaXJSxSo18YNX3jzl+4G6Bstwt+kqv47GS12uL0=
github.com/prometheus/procfs v0.0.0-20180725123919-05ee40e3a273/go.mod h1:c3At6R/oaqEKCNdg8wHV1ftS6bRYblBhIjjI8uT2IGk=
github.com/rcrowley/go-metrics v0.0.0-20180503174638-e2704e165165 h1:nkcn14uNmFEuGCb2mBZbBb24RdNRL08b/wb+xBOYpuk=
github.com/rcrowley/go-metrics v0.0.0-20180503174638-e2704e165165/go.mod h1:bCqnVzQkZxMG4s8nGwiZ5l3QUCyqpo9Y+/ZMZ9VjZe4=
github.com/satori/go.uuid v1.2.0 h1:0uYX9dsZ2yD7q2RtLRtPSdGDWzjeM3TbMJP9utgA0ww=
github.com/satori/go.uuid v1.2.0/go.mod h1:dA0hQrYB0VpLJoorglMZABFdXlWrHn1NEOzdhQKdks0=
github.com/segmentio/kafka-go v0.1.0 h1:IXCHG+sXPNiIR5pC/vTEItZduPKu4cnpr85YgxpxlW0=
github.com/segmentio/kafka-go v0.1.0/go.mod h1:X6itGqS9L4jDletMsxZ7Dz+JFWxM6JHfPOCvTvk+EJo=
github.com/sergi/go-diff v1.0.0 h1:Kpca3qRNrduNnOQeazBd0ysaKrUJiIuISHxogkT9RPQ=
github.com/sergi/go-diff v1.0.0/go.mod h1:0CfEIISq7TuYL3j771MWULgwwjU+GofnZX9QAmXWZgo=
github.com/sirupsen/logrus v1.0.6 h1:hcP1GmhGigz/O7h1WVUM5KklBp1JoNS9FggWKdj/j3s=
github.com/sirupsen/logrus v1.0.6/go.mod h1:pMByvHTf9Beacp5x1UXfOR9xyW/9antXMhjMPG0dEzc=
github.com/spaolacci/murmur3 v0.0.0-20180118202830-f09979ecbc72/go.mod h1:JwIasOWyU6f++ZhiEuf87xNszmSA2myDM2Kzu9HwQUA=
github.com/spf13/afero v1.1.2 h1:m8/z1t7/fwjysjQRYbP0RD+bUIF/8tJwPdEZsI83ACI=
github.com/spf13/afero v1.1.2/go.mod h1:j4pytiNVoe2o6bmDsKpLACNPDBIoEAkihy7loJ1B0CQ=
github.com/spf13/cast v1.2.0 h1:HHl1DSRbEQN2i8tJmtS6ViPyHx35+p51amrdsiTCrkg=
github.com/spf13/cast v1.2.0/go.mod h1:r2rcYCSwa1IExKTDiTfzaxqT2FNHs8hODu4LnUfgKEg=
github.com/spf13/cobra v0.0.3 h1:ZlrZ4XsMRm04Fr5pSFxBgfND2EBVa1nLpiy1stUsX/8=
github.com/spf13/cobra v0.0.3/go.mod h1:1l0Ry5zgKvJasoi3XT1TypsSe7PqH0Sj9dhYf7v3XqQ=
github.com/spf13/jwalterweatherman v1.0.0 h1:XHEdyB+EcvlqZamSM4ZOMGlc93t6AcsBEu9Gc1vn7yk=
github.com/spf13/jwalterweatherman v1.0.0/go.mod h1:cQK4TGJAtQXfYWX+Ddv3mKDzgVb68N+wFjFa4jdeBTo=
github.com/spf13/pflag v1.0.2 h1:Fy0orTDgHdbnzHcsOgfCN4LtHf0ec3wwtiwJqwvf3Gc=
github.com/spf13/pflag v1.0.2/go.mod h1:DYY7MBk1bdzusC3SYhjObp+wFpr4gzcvqqNjLnInEg4=
github.com/spf13/viper v1.2.0 h1:M4Rzxlu+RgU4pyBRKhKaVN1VeYOm8h2jgyXnAseDgCc=
github.com/spf13/viper v1.2.0/go.mod h1:P4AexN0a+C9tGAnUFNwDMYYZv3pjFuvmeiMyKRaNVlI=
github.com/stretchr/testify v1.2.2 h1:bSDNvY7ZPG5RlJ8otE/7V6gMiyenm9RtJ7IUVIAoJ1w=
github.com/stretchr/testify v1.2.2/go.mod h1:a8OnRcib4nhh0OaRAV+Yts87kKdq0PP7pXfy6kDkUVs=
github.com/tinylib/msgp v1.0.2 h1:DfdQrzQa7Yh2es9SuLkixqxuXS2SxsdYn0KbdrOGWD8=
github.com/tinylib/msgp v1.0.2/go.mod h1:+d+yLhGm8mzTaHzB+wgMYrodPfmZrzkirds8fDWklFE=
github.com/tylerb/graceful v1.2.15 h1:B0x01Y8fsJpogzZTkDg6BDi6eMf03s01lEKGdrv83oA=
github.com/tylerb/graceful v1.2.15/go.mod h1:LPYTbOYmUTdabwRt0TGhLllQ0MUNbs0Y5q1WXJOI9II=
github.com/xlab/treeprint v0.0.0-20180616005107-d6fb6747feb6 h1:YdYsPAZ2pC6Tow/nPZOPQ96O3hm/ToAkGsPLzedXERk=
github.com/xlab/treeprint v0.0.0-20180616005107-d6fb6747feb6/go.mod h1:ce1O1j6UtZfjr22oyGxGLbauSBp2YVXpARAosm7dHBg=
go.uber.org/atomic v1.3.2 h1:2Oa65PReHzfn29GpvgsYwloV9AVFHPDk8tYxt2c2tr4=
go.uber.org/atomic v1.3.2/go.mod h1:gD2HeocX3+yG+ygLZcrzQJaqmWj9AIm7n08wl/qW/PE=
go.uber.org/multierr v1.1.0 h1:HoEmRHQPVSqub6w2z2d2EOVs2fjyFRGyofhKuyDq0QI=
go.uber.org/multierr v1.1.0/go.mod h1:wR5kodmAFQ0UK8QlbwjlSNy0Z68gJhDJUG5sjR94q/0=
go.uber.org/zap v1.9.1 h1:XCJQEf3W6eZaVwhRBof6ImoYGJSITeKWsyeh3HFu/5o=
go.uber.org/zap v1.9.1/go.mod h1:vwi/ZaCAaUcBkycHslxD9B2zi4UTXhF60s6SWpuDF0Q=
golang.org/x/crypto v0.0.0-20180910181607-0e37d006457b h1:2b9XGzhjiYsYPnKXoEfL7klWZQIt8IfyRCz62gCqqlQ=
golang.org/x/crypto v0.0.0-20180910181607-0e37d006457b/go.mod h1:6SG95UA2DQfeDnfUPMdvaQW0Q7yPrPDi9nlGo2tz2b4=
golang.org/x/lint v0.0.0-20180702182130-06c8688daad7/go.mod h1:UVdnD1Gm6xHRNCYTkRU2/jEulfH38KcIWyp/GAMgvoE=
golang.org/x/net v0.0.0-20180826012351-8a410e7b638d h1:g9qWBGx4puODJTMVyoPrpoxPFgVGd+z1DZwjfRu4d0I=
golang.org/x/net v0.0.0-20180826012351-8a410e7b638d/go.mod h1:mL1N/T3taQHkDXs73rZJwtUhF3w3ftmwwsq0BUmARs4=
golang.org/x/oauth2 v0.0.0-20180821212333-d2e6202438be h1:vEDujvNQGv4jgYKudGeI/+DAX4Jffq6hpD55MmoEvKs=
golang.org/x/oauth2 v0.0.0-20180821212333-d2e6202438be/go.mod h1:N/0e6XlmueqKjAGxoOufVs8QHGRruUQn6yWY3a++T0U=
golang.org/x/sync v0.0.0-20180314180146-1d60e4601c6f h1:wMNYb4v58l5UBM7MYRLPG6ZhfOqbKu7X5eyFl8ZhKvA=
golang.org/x/sync v0.0.0-20180314180146-1d60e4601c6f/go.mod h1:RxMgew5VJxzue5/jJTE5uejpjVlOe/izrB70Jof72aM=
golang.org/x/sys v0.0.0-20180830151530-49385e6e1522/go.mod h1:STP8DvDyc/dI5b8T5hshtkjS+E42TnysNCUPdjciGhY=
golang.org/x/sys v0.0.0-20180905080454-ebe1bf3edb33 h1:I6FyU15t786LL7oL/hn43zqTuEGr4PN7F4XJ1p4E3Y8=
golang.org/x/sys v0.0.0-20180905080454-ebe1bf3edb33/go.mod h1:STP8DvDyc/dI5b8T5hshtkjS+E42TnysNCUPdjciGhY=
golang.org/x/sys v0.0.0-20180906133057-8cf3aee42992 h1:BH3eQWeGbwRU2+wxxuuPOdFBmaiBH81O8BugSjHeTFg=
golang.org/x/sys v0.0.0-20180906133057-8cf3aee42992/go.mod h1:STP8DvDyc/dI5b8T5hshtkjS+E42TnysNCUPdjciGhY=
golang.org/x/text v0.3.0 h1:g61tztE5qeGQ89tm6NTjjM9VPIm088od1l6aSorWRWg=
golang.org/x/text v0.3.0/go.mod h1:NqM8EUOU14njkJ3fqMW+pc6Ldnwhi/IjpwHt7yyuwOQ=
golang.org/x/time v0.0.0-20180412165947-fbb02b2291d2 h1:+DCIGbF/swA92ohVg0//6X2IVY3KZs6p9mix0ziNYJM=
golang.org/x/time v0.0.0-20180412165947-fbb02b2291d2/go.mod h1:tRJNPiyCQ0inRvYxbN9jk5I+vvW/OXSQhTDSoE431IQ=
golang.org/x/tools v0.0.0-20180828015842-6cd1fcedba52/go.mod h1:n7NCudcB/nEzxVGmLbDWY5pfWTLqBcC2KZ6jyYvM4mQ=
golang.org/x/tools v0.0.0-20180904205237-0aa4b8830f48 h1:PIz+xUHW4G/jqfFWeKhQ96ZV/t2HDsXfWj923rV0bZY=
golang.org/x/tools v0.0.0-20180904205237-0aa4b8830f48/go.mod h1:n7NCudcB/nEzxVGmLbDWY5pfWTLqBcC2KZ6jyYvM4mQ=
google.golang.org/api v0.0.0-20180910000450-7ca32eb868bf h1:rjxqQmxjyqerRKEj+tZW+MCm4LgpFXu18bsEoCMgDsk=
google.golang.org/appengine v1.1.0/go.mod h1:EbEs0AVv82hx2wNQdGPgUI5lhzA/G0D9YwlJXL52JkM=
google.golang.org/genproto v0.0.0-20180817151627-c66870c02cf8 h1:Nw54tB0rB7hY/N0NQvRW8DG4Yk3Q6T9cu9RcFQDu1tc=
google.golang.org/genproto v0.0.0-20180817151627-c66870c02cf8/go.mod h1:JiN7NxoALGmiZfu7CAH4rXhgtRTLTxftemlI0sWmxmc=
google.golang.org/grpc v1.15.0 h1:Az/KuahOM4NAidTEuJCv/RonAA7rYsTPkqXVjr+8OOw=
google.golang.org/grpc v1.15.0/go.mod h1:0JHn/cJsOMiMfNA9+DeHDlAU7KAAB5GDlYFpa9MZMio=
gopkg.in/check.v1 v0.0.0-20161208181325-20d25e280405/go.mod h1:Co6ibVJAznAaIkqp8huTwlJQCZ016jof/cbN4VW5Yz0=
gopkg.in/check.v1 v1.0.0-20180628173108-788fd7840127 h1:qIbj1fsPNlZgppZ+VLlY7N33q108Sa+fhmuc+sWQYwY=
gopkg.in/check.v1 v1.0.0-20180628173108-788fd7840127/go.mod h1:Co6ibVJAznAaIkqp8huTwlJQCZ016jof/cbN4VW5Yz0=
gopkg.in/inf.v0 v0.9.1 h1:73M5CoZyi3ZLMOyDlQh031Cx6N9NDJ2Vvfl76EDAgDc=
gopkg.in/inf.v0 v0.9.1/go.mod h1:cWUDdTG/fYaXco+Dcufb5Vnc6Gp2YChqWtbxRZE0mXw=
gopkg.in/robfig/cron.v2 v2.0.0-20150107220207-be2e0b0deed5 h1:E846t8CnR+lv5nE+VuiKTDG/v1U2stad0QzddfJC7kY=
gopkg.in/robfig/cron.v2 v2.0.0-20150107220207-be2e0b0deed5/go.mod h1:hiOFpYm0ZJbusNj2ywpbrXowU3G8U6GIQzqn2mw1UIE=
gopkg.in/yaml.v2 v2.2.1 h1:mUhvW9EsL+naU5Q3cakzfE91YhliOondGd6ZrsDBHQE=
gopkg.in/yaml.v2 v2.2.1/go.mod h1:hI93XBmqTisBFMUTm0b8Fm+jr3Dg1NNxqwp+5A1VGuI=
honnef.co/go/tools v0.0.0-20180728063816-88497007e858/go.mod h1:rf3lG4BRIbNafJWhAfAdb/ePZxsR/4RtNHQocxwk9r4=
k8s.io/api v0.0.0-20180911000052-49f236fe119e h1:K6ZWCvyoK2cMC12nMOjJ4dRqjVrnwFs+Efo81mWKkg0=
k8s.io/api v0.0.0-20180911000052-49f236fe119e/go.mod h1:iuAfoD4hCxJ8Onx9kaTIt30j7jUFS00AXQi6QMi99vA=
k8s.io/apimachinery v0.0.0-20180908133737-0dbe21f815eb h1:Q+q1qi+vhGTvH9ryVhp9Ks3qrLqC3B3YfjWtRgIilM0=
k8s.io/apimachinery v0.0.0-20180908133737-0dbe21f815eb/go.mod h1:ccL7Eh7zubPUSh9A3USN90/OzHNSVN6zxzde07TDCL0=
k8s.io/client-go v8.0.0+incompatible h1:2pUaSg2x6iEHr8cia6zmWhoCXG1EDG9TCx9s//Aq7HY=
k8s.io/client-go v8.0.0+incompatible/go.mod h1:7vJpHMYJwNQCWgzmNV+VYUl1zCObLyodBc8nIyt8L5s=
