# This file is autogenerated, do not edit; changes may be undone by the next 'dep ensure'.


[[projects]]
  branch = "master"
  digest = "1:86d119ee8a0fb122f2d0e0fbbbd5d2f65953029248743462ee3908a21ae04247"
  name = "github.com/andreyvit/diff"
  packages = ["."]
  pruneopts = "UT"
  revision = "c7f18ee00883bfd3b00e0a2bf7607827e0148ad4"

[[projects]]
  branch = "master"
  digest = "1:d6afaeed1502aa28e80a4ed0981d570ad91b2579193404256ce672ed0a609e0d"
  name = "github.com/beorn7/perks"
  packages = ["quantile"]
  pruneopts = "UT"
  revision = "3a771d992973f24aa725d07868b467d1ddfceafb"

[[projects]]
  digest = "1:a2486f94bda33b301614ff5cfce102b7eed4c923fa650c2b83dba1fcf2117466"
  name = "github.com/c-bata/go-prompt"
  packages = ["."]
  pruneopts = "UT"
  revision = "c52492ff1b386e5c0ba5271b5eaad165fab09eca"
  version = "v0.2.2"

[[projects]]
  digest = "1:97df918963298c287643883209a2c3f642e6593379f97ab400c2a2e219ab647d"
  name = "github.com/golang/protobuf"
  packages = ["proto"]
  pruneopts = "UT"
  revision = "aa810b61a9c79d51363740d207bb46cf8e620ed5"
  version = "v1.2.0"

[[projects]]
  branch = "master"
  digest = "1:5601ae3024d6657d6655a043fefce0ca8924af535fe56bcd184ecd2f7cfc5335"
  name = "github.com/gonum/blas"
  packages = [
    ".",
    "blas64",
    "native",
    "native/internal/math32",
  ]
  pruneopts = "UT"
  revision = "e7c5890b24cf6f3bb173f76e1bd71e80e887e3f9"

[[projects]]
  branch = "master"
  digest = "1:4d213c1faa284634054e52465bd94d72a6b4fcd792cecf6cef357bdc3c84f745"
  name = "github.com/gonum/floats"
  packages = ["."]
  pruneopts = "UT"
  revision = "7de1f4ea7ab57890bfd427af68c7994cd67975d4"

[[projects]]
  branch = "master"
  digest = "1:dc7c82ea61b3c8da96b40b7c87c1c26b41f735f516babec25ebe826acf359b43"
  name = "github.com/gonum/internal"
  packages = [
    "asm/f32",
    "asm/f64",
  ]
  pruneopts = "UT"
  revision = "fda53f8d25717c07e2dac25758075a182bd74235"

[[projects]]
  branch = "master"
  digest = "1:2854c77b7dbe7f340e37d3b01c07f9da33b5ff7d21c915f195b4a0ae9f37d6f5"
  name = "github.com/gonum/lapack"
  packages = [
    ".",
    "lapack64",
    "native",
  ]
  pruneopts = "UT"
  revision = "f0b8b25edeceafb3a2752941c7bf0cda962df112"

[[projects]]
  branch = "master"
  digest = "1:fb0e34cdca23afa879f1d81cc9f514b8d9c34b84e83af9c642bb771d2583ed38"
  name = "github.com/gonum/mathext"
  packages = [
    ".",
    "internal/amos",
    "internal/cephes",
    "internal/gonum",
  ]
  pruneopts = "UT"
  revision = "3ffefb3e36fc77021b605da090e6571103cb6ef3"

[[projects]]
  branch = "master"
  digest = "1:d28c2bfc6b59b522a166106a3a4b04ca55fd2171ffd7a1ea0a6edb5f4e5c4b40"
  name = "github.com/gonum/matrix"
  packages = [
    ".",
    "mat64",
  ]
  pruneopts = "UT"
  revision = "a41cc49d4c29f7451775f4379a5cc6ec6239dfab"

[[projects]]
  branch = "master"
  digest = "1:bf0e5a82e5f51b7bbcdb3fa176368766dfb7e004846fb2cad398ea74e9239099"
  name = "github.com/gonum/stat"
  packages = [
    ".",
    "distuv",
  ]
  pruneopts = "UT"
  revision = "ec9c8a1062f4be6c6ad671f0f5dba12d4a76826d"

[[projects]]
  digest = "1:d2754cafcab0d22c13541618a8029a70a8959eb3525ff201fe971637e2274cd0"
  name = "github.com/google/go-cmp"
  packages = [
    "cmp",
    "cmp/cmpopts",
    "cmp/internal/diff",
    "cmp/internal/function",
    "cmp/internal/value",
  ]
  pruneopts = "UT"
  revision = "3af367b6b30c263d47e8895973edcca9a49cf029"
  version = "v0.2.0"

[[projects]]
  branch = "master"
  digest = "1:ce365a2909a7ef5c9f9ca3059ba235318977065f1941589246fd111f71c0c62a"
  name = "github.com/influxdata/line-protocol"
  packages = ["."]
  pruneopts = "UT"
  revision = "32c6aa80de5eb09d190ad284a8214a531c6bce57"

[[projects]]
  branch = "master"
  digest = "1:17c07b7a9cc5fd788ab02506491fb6634622f93a229f0d9f830d5d330f6b1197"
  name = "github.com/influxdata/platform"
  packages = ["."]
  pruneopts = "UT"
  revision = "bbcbaee9fd7969d7f024c0e5e9f72a64fd9b622a"

[[projects]]
  branch = "master"
  digest = "1:b07e7ba2bb99a70ce3318ea387a62666371c1ab4f9bfcae192a59e3f4b8ffa56"
  name = "github.com/influxdata/tdigest"
  packages = ["."]
  pruneopts = "UT"
  revision = "a7d76c6f093a59b94a01c6c2b8429122d444a8cc"

[[projects]]
  digest = "1:c658e84ad3916da105a761660dcaeb01e63416c8ec7bc62256a9b411a05fcd67"
  name = "github.com/mattn/go-colorable"
  packages = ["."]
  pruneopts = "UT"
  revision = "167de6bfdfba052fa6b2d3664c8f5272e23c9072"
  version = "v0.0.9"

[[projects]]
  digest = "1:0981502f9816113c9c8c4ac301583841855c8cf4da8c72f696b3ebedf6d0e4e5"
  name = "github.com/mattn/go-isatty"
  packages = ["."]
  pruneopts = "UT"
  revision = "6ca4dbf54d38eea1a992b3c722a76a5d1c4cb25c"
  version = "v0.0.4"

[[projects]]
  branch = "master"
  digest = "1:cdb899c199f907ac9fb50495ec71212c95cb5b0e0a8ee0800da0238036091033"
  name = "github.com/mattn/go-runewidth"
  packages = ["."]
  pruneopts = "UT"
  revision = "ce7b0b5c7b45a81508558cd1dba6bb1e4ddb51bb"

[[projects]]
  branch = "master"
  digest = "1:d775613e6db40f54d34cc8b319ee5c2df56752f9f5e55e2f6004d11684bdc8fd"
  name = "github.com/mattn/go-tty"
  packages = ["."]
  pruneopts = "UT"
  revision = "931426f7535ac39720c8909d70ece5a41a2502a6"

[[projects]]
  digest = "1:ff5ebae34cfbf047d505ee150de27e60570e8c394b3b8fdbb720ff6ac71985fc"
  name = "github.com/matttproud/golang_protobuf_extensions"
  packages = ["pbutil"]
  pruneopts = "UT"
  revision = "c12348ce28de40eed0136aa2b644d0ee0650e56c"
  version = "v1.0.1"

[[projects]]
  branch = "master"
  digest = "1:81cd8e8d77ba297778b1e7b31e767f1aef0a8b34b2f853c96011281d38414035"
  name = "github.com/mna/pigeon"
  packages = [
    ".",
    "ast",
    "builder",
  ]
  pruneopts = "UT"
  revision = "bb0192cfc2ae6ff30b9726618594b42ef2562da5"

[[projects]]
  digest = "1:9d7b1f07e44cada28e6160cb0a808ad2f71f32bd7114793fb0baa302db0e6229"
  name = "github.com/opentracing/opentracing-go"
  packages = [
    ".",
    "log",
  ]
  pruneopts = "UT"
  revision = "1949ddbfd147afd4d964a9f00b24eb291e0e7c38"
  version = "v1.0.2"

[[projects]]
  digest = "1:40e195917a951a8bf867cd05de2a46aaf1806c50cf92eebf4c16f78cd196f747"
  name = "github.com/pkg/errors"
  packages = ["."]
  pruneopts = "UT"
  revision = "645ef00459ed84a119197bfb8d8205042c6df63d"
  version = "v0.8.0"

[[projects]]
  branch = "master"
  digest = "1:4f43b3c1b7e44980a5f3c593f8bf0e18844dc44f451a071c93e77e28cf990db6"
  name = "github.com/pkg/term"
  packages = ["termios"]
  pruneopts = "UT"
  revision = "bffc007b7fd5a70e20e28f5b7649bb84671ef436"

[[projects]]
  digest = "1:d2df7a5cebe72c567295c018cc3f9205bc6fc72d9564c683cb4b8db4a3e8d6a8"
  name = "github.com/prometheus/client_golang"
  packages = ["prometheus"]
  pruneopts = "UT"
  revision = "661e31bf844dfca9aeba15f27ea8aa0d485ad212"

[[projects]]
  branch = "master"
  digest = "1:2d5cd61daa5565187e1d96bae64dbbc6080dacf741448e9629c64fd93203b0d4"
  name = "github.com/prometheus/client_model"
  packages = ["go"]
  pruneopts = "UT"
  revision = "5c3871d89910bfb32f5fcab2aa4b9ec68e65a99f"

[[projects]]
  branch = "master"
  digest = "1:63b68062b8968092eb86bedc4e68894bd096ea6b24920faca8b9dcf451f54bb5"
  name = "github.com/prometheus/common"
  packages = [
    "expfmt",
    "internal/bitbucket.org/ww/goautoneg",
    "model",
  ]
  pruneopts = "UT"
  revision = "c7de2306084e37d54b8be01f3541a8464345e9a5"

[[projects]]
  branch = "master"
  digest = "1:8c49953a1414305f2ff5465147ee576dd705487c35b15918fcd4efdc0cb7a290"
  name = "github.com/prometheus/procfs"
  packages = [
    ".",
    "internal/util",
    "nfs",
    "xfs",
  ]
  pruneopts = "UT"
  revision = "05ee40e3a273f7245e8777337fc7b46e533a9a92"

[[projects]]
  digest = "1:274f67cb6fed9588ea2521ecdac05a6d62a8c51c074c1fccc6a49a40ba80e925"
  name = "github.com/satori/go.uuid"
  packages = ["."]
  pruneopts = "UT"
  revision = "f58768cc1a7a7e77a3bd49e98cdd21419399b6a3"
  version = "v1.2.0"

[[projects]]
  digest = "1:d917313f309bda80d27274d53985bc65651f81a5b66b820749ac7f8ef061fd04"
  name = "github.com/sergi/go-diff"
  packages = ["diffmatchpatch"]
  pruneopts = "UT"
  revision = "1744e2970ca51c86172c8190fadad617561ed6e7"
  version = "v1.0.0"

[[projects]]
  digest = "1:3c1a69cdae3501bf75e76d0d86dc6f2b0a7421bc205c0cb7b96b19eed464a34d"
  name = "go.uber.org/atomic"
  packages = ["."]
  pruneopts = "UT"
  revision = "1ea20fb1cbb1cc08cbd0d913a96dead89aa18289"
  version = "v1.3.2"

[[projects]]
  digest = "1:60bf2a5e347af463c42ed31a493d817f8a72f102543060ed992754e689805d1a"
  name = "go.uber.org/multierr"
  packages = ["."]
  pruneopts = "UT"
  revision = "3c4937480c32f4c13a875a1829af76c98ca3d40a"
  version = "v1.1.0"

[[projects]]
  digest = "1:d0786a018883b4b84c06e8b5d75b6f2797a4b8e489f860c587f57a43a7459108"
  name = "go.uber.org/zap"
  packages = [
    ".",
    "buffer",
    "internal/bufferpool",
    "internal/color",
    "internal/exit",
    "internal/ztest",
    "zapcore",
    "zaptest",
  ]
  pruneopts = "UT"
  revision = "ff33455a0e382e8a81d14dd7c922020b6b5e7982"
  version = "v1.9.1"

[[projects]]
  branch = "master"
  digest = "1:76ee51c3f468493aff39dbacc401e8831fbb765104cbf613b89bef01cf4bad70"
  name = "golang.org/x/net"
  packages = ["context"]
  pruneopts = "UT"
  revision = "8a410e7b638dca158bf9e766925842f6651ff828"

[[projects]]
  branch = "master"
  digest = "1:a9e9a5da9c877870b0feb5975c1e30dddb236562f912e9e9b0515ac9465f951b"
  name = "golang.org/x/sys"
  packages = ["unix"]
  pruneopts = "UT"
  revision = "ebe1bf3edb3325c393447059974de898d5133eb8"

[[projects]]
  digest = "1:8029e9743749d4be5bc9f7d42ea1659471767860f0cdc34d37c3111bd308a295"
  name = "golang.org/x/text"
  packages = [
    "internal/gen",
    "internal/triegen",
    "internal/ucd",
    "transform",
    "unicode/cldr",
    "unicode/norm",
  ]
  pruneopts = "UT"
  revision = "f21a4dfb5e38f5895301dc265a8def02365cc3d0"
  version = "v0.3.0"

[[projects]]
  branch = "master"
  digest = "1:a05bd2d296bc727082abcb63ff52615b4dcc6219d8b61e99fd83d605dc779a18"
  name = "golang.org/x/tools"
  packages = [
    "go/ast/astutil",
    "imports",
    "internal/fastwalk",
  ]
  pruneopts = "UT"
  revision = "0aa4b8830f481fed77b73cf7cea2bc3129e05148"

[solve-meta]
  analyzer-name = "dep"
  analyzer-version = 1
  input-imports = [
    "github.com/andreyvit/diff",
    "github.com/c-bata/go-prompt",
    "github.com/gonum/stat/distuv",
    "github.com/google/go-cmp/cmp",
    "github.com/google/go-cmp/cmp/cmpopts",
    "github.com/influxdata/line-protocol",
    "github.com/influxdata/platform",
    "github.com/influxdata/tdigest",
    "github.com/mna/pigeon",
    "github.com/opentracing/opentracing-go",
    "github.com/pkg/errors",
    "github.com/prometheus/client_golang/prometheus",
    "github.com/prometheus/client_model/go",
    "github.com/satori/go.uuid",
    "go.uber.org/zap",
    "go.uber.org/zap/zapcore",
    "go.uber.org/zap/zaptest",
    "golang.org/x/text/unicode/norm",
  ]
  solver-name = "gps-cdcl"
  solver-version = 1
